{
    "_readme": [
        "This file locks the dependencies of your project to a known state",
        "Read more about it at http://getcomposer.org/doc/01-basic-usage.md#composer-lock-the-lock-file",
        "This file is @generated automatically"
    ],
    "hash": "16351299611e145a7820f75e72c43b39",
    "packages": [
        {
            "name": "guzzlehttp/guzzle",
            "version": "6.1.1",
            "source": {
                "type": "git",
                "url": "https://github.com/guzzle/guzzle.git",
                "reference": "c6851d6e48f63b69357cbfa55bca116448140e0c"
            },
            "dist": {
                "type": "zip",
                "url": "https://api.github.com/repos/guzzle/guzzle/zipball/c6851d6e48f63b69357cbfa55bca116448140e0c",
                "reference": "c6851d6e48f63b69357cbfa55bca116448140e0c",
                "shasum": ""
            },
            "require": {
                "guzzlehttp/promises": "~1.0",
                "guzzlehttp/psr7": "~1.1",
                "php": ">=5.5.0"
            },
            "require-dev": {
                "ext-curl": "*",
                "phpunit/phpunit": "~4.0",
                "psr/log": "~1.0"
            },
            "type": "library",
            "extra": {
                "branch-alias": {
                    "dev-master": "6.1-dev"
                }
            },
            "autoload": {
                "files": [
                    "src/functions_include.php"
                ],
                "psr-4": {
                    "GuzzleHttp\\": "src/"
                }
            },
            "notification-url": "https://packagist.org/downloads/",
            "license": [
                "MIT"
            ],
            "authors": [
                {
                    "name": "Michael Dowling",
                    "email": "mtdowling@gmail.com",
                    "homepage": "https://github.com/mtdowling"
                }
            ],
            "description": "Guzzle is a PHP HTTP client library",
            "homepage": "http://guzzlephp.org/",
            "keywords": [
                "client",
                "curl",
                "framework",
                "http",
                "http client",
                "rest",
                "web service"
            ],
            "time": "2015-11-23 00:47:50"
        },
        {
            "name": "guzzlehttp/promises",
            "version": "1.0.3",
            "source": {
                "type": "git",
                "url": "https://github.com/guzzle/promises.git",
                "reference": "b1e1c0d55f8083c71eda2c28c12a228d708294ea"
            },
            "dist": {
                "type": "zip",
                "url": "https://api.github.com/repos/guzzle/promises/zipball/b1e1c0d55f8083c71eda2c28c12a228d708294ea",
                "reference": "b1e1c0d55f8083c71eda2c28c12a228d708294ea",
                "shasum": ""
            },
            "require": {
                "php": ">=5.5.0"
            },
            "require-dev": {
                "phpunit/phpunit": "~4.0"
            },
            "type": "library",
            "extra": {
                "branch-alias": {
                    "dev-master": "1.0-dev"
                }
            },
            "autoload": {
                "psr-4": {
                    "GuzzleHttp\\Promise\\": "src/"
                },
                "files": [
                    "src/functions_include.php"
                ]
            },
            "notification-url": "https://packagist.org/downloads/",
            "license": [
                "MIT"
            ],
            "authors": [
                {
                    "name": "Michael Dowling",
                    "email": "mtdowling@gmail.com",
                    "homepage": "https://github.com/mtdowling"
                }
            ],
            "description": "Guzzle promises library",
            "keywords": [
                "promise"
            ],
            "time": "2015-10-15 22:28:00"
        },
        {
            "name": "guzzlehttp/psr7",
            "version": "1.2.1",
            "source": {
                "type": "git",
                "url": "https://github.com/guzzle/psr7.git",
                "reference": "4d0bdbe1206df7440219ce14c972aa57cc5e4982"
            },
            "dist": {
                "type": "zip",
                "url": "https://api.github.com/repos/guzzle/psr7/zipball/4d0bdbe1206df7440219ce14c972aa57cc5e4982",
                "reference": "4d0bdbe1206df7440219ce14c972aa57cc5e4982",
                "shasum": ""
            },
            "require": {
                "php": ">=5.4.0",
                "psr/http-message": "~1.0"
            },
            "provide": {
                "psr/http-message-implementation": "1.0"
            },
            "require-dev": {
                "phpunit/phpunit": "~4.0"
            },
            "type": "library",
            "extra": {
                "branch-alias": {
                    "dev-master": "1.0-dev"
                }
            },
            "autoload": {
                "psr-4": {
                    "GuzzleHttp\\Psr7\\": "src/"
                },
                "files": [
                    "src/functions_include.php"
                ]
            },
            "notification-url": "https://packagist.org/downloads/",
            "license": [
                "MIT"
            ],
            "authors": [
                {
                    "name": "Michael Dowling",
                    "email": "mtdowling@gmail.com",
                    "homepage": "https://github.com/mtdowling"
                }
            ],
            "description": "PSR-7 message implementation",
            "keywords": [
                "http",
                "message",
                "stream",
                "uri"
            ],
            "time": "2015-11-03 01:34:55"
        },
        {
            "name": "igorw/get-in",
            "version": "v1.0.3",
            "source": {
                "type": "git",
                "url": "https://github.com/igorw/get-in.git",
                "reference": "170ded831f49abc6a6061f655aba9bdbcf7b8111"
            },
            "dist": {
                "type": "zip",
                "url": "https://api.github.com/repos/igorw/get-in/zipball/170ded831f49abc6a6061f655aba9bdbcf7b8111",
                "reference": "170ded831f49abc6a6061f655aba9bdbcf7b8111",
                "shasum": ""
            },
            "require": {
                "php": ">=5.4"
            },
            "type": "library",
            "extra": {
                "branch-alias": {
                    "dev-master": "1.0-dev"
                }
            },
            "autoload": {
                "files": [
                    "src/get_in.php"
                ]
            },
            "notification-url": "https://packagist.org/downloads/",
            "license": [
                "MIT"
            ],
            "authors": [
                {
                    "name": "Igor Wiedler",
                    "email": "igor@wiedler.ch"
                }
            ],
            "description": "Functions for for hash map (assoc array) traversal.",
            "keywords": [
                "assoc-array",
                "hash-map"
            ],
            "time": "2014-12-15 23:03:51"
        },
        {
            "name": "php-http/client-tools",
            "version": "v0.1.0",
            "source": {
                "type": "git",
                "url": "https://github.com/php-http/client-tools.git",
                "reference": "cf379dded903642862300b08f6c21cfbe052c430"
            },
            "dist": {
                "type": "zip",
                "url": "https://api.github.com/repos/php-http/client-tools/zipball/cf379dded903642862300b08f6c21cfbe052c430",
                "reference": "cf379dded903642862300b08f6c21cfbe052c430",
                "shasum": ""
            },
            "require": {
                "php": ">=5.4",
                "php-http/promise": "^0.1"
            },
            "require-dev": {
                "henrikbjorn/phpspec-code-coverage": "^1.0",
                "php-http/httplug": "1.0.0-alpha3",
                "phpspec/phpspec": "^2.4@dev"
            },
            "type": "library",
            "extra": {
                "branch-alias": {
                    "dev-master": "0.2-dev"
                }
            },
            "autoload": {
                "psr-4": {
                    "Http\\Client\\Tools\\": "src/"
                }
            },
            "notification-url": "https://packagist.org/downloads/",
            "license": [
                "MIT"
            ],
            "authors": [
                {
                    "name": "Márk Sági-Kazár",
                    "email": "mark.sagikazar@gmail.com"
                }
            ],
            "description": "Tools for HTTPlug client implementors",
            "homepage": "http://httplug.io",
            "keywords": [
                "client",
                "http",
                "httplug",
                "tools"
            ],
            "abandoned": "php-http/client-common",
            "time": "2015-12-15 15:48:50"
        },
        {
            "name": "php-http/discovery",
            "version": "0.2.0",
            "source": {
                "type": "git",
                "url": "https://github.com/php-http/discovery.git",
                "reference": "9b16b3e2d0aa2b828bca5a462bc868f50715efbf"
            },
            "dist": {
                "type": "zip",
                "url": "https://api.github.com/repos/php-http/discovery/zipball/9b16b3e2d0aa2b828bca5a462bc868f50715efbf",
                "reference": "9b16b3e2d0aa2b828bca5a462bc868f50715efbf",
                "shasum": ""
            },
            "require": {
                "php": ">=5.4",
                "php-http/message-factory": "~0.2@dev"
            },
            "require-dev": {
                "guzzlehttp/psr7": "^1.0",
                "henrikbjorn/phpspec-code-coverage": "^1.0",
                "phpspec/phpspec": "^2.2",
                "zendframework/zend-diactoros": "^1.0"
            },
            "suggest": {
                "guzzlehttp/psr7": "Used with Guzzle PSR-7 MessageFactory",
                "zendframework/zend-diactoros": "Used with Diactoros MessageFactory"
            },
            "type": "library",
            "extra": {
                "branch-alias": {
                    "dev-master": "0.2-dev"
                }
            },
            "autoload": {
                "psr-4": {
                    "Http\\Discovery\\": "src/"
                }
            },
            "notification-url": "https://packagist.org/downloads/",
            "license": [
                "MIT"
            ],
            "authors": [
                {
                    "name": "Eric GELOEN",
                    "email": "geloen.eric@gmail.com"
                },
                {
                    "name": "Márk Sági-Kazár",
                    "email": "mark.sagikazar@gmail.com"
                }
            ],
            "description": "Finds installed adapters and message factories",
            "homepage": "http://php-http.org",
            "keywords": [
                "adapter",
                "discovery",
                "factory",
                "http",
                "message"
            ],
            "time": "2015-10-31 17:33:42"
        },
        {
            "name": "php-http/guzzle6-adapter",
            "version": "v0.2.0",
            "source": {
                "type": "git",
                "url": "https://github.com/php-http/guzzle6-adapter.git",
                "reference": "fd6971aa9bb68150af87c2da7d18730efcbe2bf4"
            },
            "dist": {
                "type": "zip",
                "url": "https://api.github.com/repos/php-http/guzzle6-adapter/zipball/fd6971aa9bb68150af87c2da7d18730efcbe2bf4",
                "reference": "fd6971aa9bb68150af87c2da7d18730efcbe2bf4",
                "shasum": ""
            },
            "require": {
                "guzzlehttp/guzzle": "^6.0",
                "php": ">=5.5.0",
                "php-http/client-tools": "^0.1",
                "php-http/httplug": "1.0.0-alpha3"
            },
            "provide": {
                "php-http/async-client-implementation": "1.0",
                "php-http/client-implementation": "1.0"
            },
            "require-dev": {
                "ext-curl": "*",
                "php-http/adapter-integration-tests": "dev-master"
            },
            "type": "library",
            "extra": {
                "branch-alias": {
                    "dev-master": "0.3-dev"
                }
            },
            "autoload": {
                "psr-4": {
                    "Http\\Adapter\\": "src/"
                }
            },
            "notification-url": "https://packagist.org/downloads/",
            "license": [
                "MIT"
            ],
            "authors": [
                {
                    "name": "Márk Sági-Kazár",
                    "email": "mark.sagikazar@gmail.com"
                },
                {
                    "name": "David de Boer",
                    "email": "david@ddeboer.nl"
                }
            ],
            "description": "Guzzle 6 HTTP Adapter",
            "homepage": "http://httplug.io",
            "keywords": [
                "Guzzle",
                "http"
            ],
            "time": "2015-12-15 16:46:17"
        },
        {
            "name": "php-http/httplug",
            "version": "v1.0.0-alpha3",
            "source": {
                "type": "git",
                "url": "https://github.com/php-http/httplug.git",
                "reference": "38441d6dc0a460d0c2ba477a8594f5951bdff97c"
            },
            "dist": {
                "type": "zip",
                "url": "https://api.github.com/repos/php-http/httplug/zipball/38441d6dc0a460d0c2ba477a8594f5951bdff97c",
                "reference": "38441d6dc0a460d0c2ba477a8594f5951bdff97c",
                "shasum": ""
            },
            "require": {
                "php": ">=5.4",
                "php-http/promise": "^0.1",
                "psr/http-message": "^1.0"
            },
            "require-dev": {
                "henrikbjorn/phpspec-code-coverage": "^1.0",
                "phpspec/phpspec": "^2.4"
            },
            "type": "library",
            "extra": {
                "branch-alias": {
                    "dev-master": "1.0-dev"
                }
            },
            "autoload": {
                "psr-4": {
                    "Http\\Client\\": "src/"
                }
            },
            "notification-url": "https://packagist.org/downloads/",
            "license": [
                "MIT"
            ],
            "authors": [
                {
                    "name": "Eric GELOEN",
                    "email": "geloen.eric@gmail.com"
                },
                {
                    "name": "Márk Sági-Kazár",
                    "email": "mark.sagikazar@gmail.com"
                }
            ],
            "description": "HTTPlug, the HTTP client abstraction for PHP",
            "homepage": "http://httplug.io",
            "keywords": [
                "client",
                "http"
            ],
            "time": "2015-12-13 11:55:42"
        },
        {
            "name": "php-http/message-factory",
            "version": "v0.3.0",
            "source": {
                "type": "git",
                "url": "https://github.com/php-http/message-factory.git",
                "reference": "1b9f81dca6dd58a41d7dd8c6ce298ffcd1f03007"
            },
            "dist": {
                "type": "zip",
                "url": "https://api.github.com/repos/php-http/message-factory/zipball/1b9f81dca6dd58a41d7dd8c6ce298ffcd1f03007",
                "reference": "1b9f81dca6dd58a41d7dd8c6ce298ffcd1f03007",
                "shasum": ""
            },
            "require": {
                "php": ">=5.4",
                "psr/http-message": "^1.0"
            },
            "type": "library",
            "extra": {
                "branch-alias": {
                    "dev-master": "0.4-dev"
                }
            },
            "autoload": {
                "psr-4": {
                    "Http\\Message\\": "src/"
                }
            },
            "notification-url": "https://packagist.org/downloads/",
            "license": [
                "MIT"
            ],
            "authors": [
                {
                    "name": "Márk Sági-Kazár",
                    "email": "mark.sagikazar@gmail.com"
                }
            ],
            "description": "Factory interfaces for PSR-7 HTTP Message",
            "homepage": "http://php-http.org",
            "keywords": [
                "factory",
                "http",
                "message",
                "stream",
                "uri"
            ],
            "time": "2015-11-16 13:02:33"
        },
        {
            "name": "php-http/promise",
            "version": "v0.1.1",
            "source": {
                "type": "git",
                "url": "https://github.com/php-http/promise.git",
                "reference": "63c930a02f68800669a4375c61845a853197b7dc"
            },
            "dist": {
                "type": "zip",
                "url": "https://api.github.com/repos/php-http/promise/zipball/63c930a02f68800669a4375c61845a853197b7dc",
                "reference": "63c930a02f68800669a4375c61845a853197b7dc",
                "shasum": ""
            },
            "require": {
                "psr/http-message": "^1.0"
            },
            "require-dev": {
                "henrikbjorn/phpspec-code-coverage": "^1.0",
                "phpspec/phpspec": "^2.4"
            },
            "type": "library",
            "extra": {
                "branch-alias": {
                    "dev-master": "0.2-dev"
                }
            },
            "autoload": {
                "psr-4": {
                    "Http\\Promise\\": "src/"
                }
            },
            "notification-url": "https://packagist.org/downloads/",
            "license": [
                "MIT"
            ],
            "authors": [
                {
                    "name": "Márk Sági-Kazár",
                    "email": "mark.sagikazar@gmail.com"
                },
                {
                    "name": "Joel Wurtz",
                    "email": "joel.wurtz@gmail.com"
                }
            ],
            "description": "Promise used for asynchronous HTTP requests",
            "homepage": "http://httplug.io",
            "keywords": [
                "promise"
            ],
            "time": "2015-12-24 23:03:22"
        },
        {
            "name": "psr/http-message",
            "version": "1.0",
            "source": {
                "type": "git",
                "url": "https://github.com/php-fig/http-message.git",
                "reference": "85d63699f0dbedb190bbd4b0d2b9dc707ea4c298"
            },
            "dist": {
                "type": "zip",
                "url": "https://api.github.com/repos/php-fig/http-message/zipball/85d63699f0dbedb190bbd4b0d2b9dc707ea4c298",
                "reference": "85d63699f0dbedb190bbd4b0d2b9dc707ea4c298",
                "shasum": ""
            },
            "require": {
                "php": ">=5.3.0"
            },
            "type": "library",
            "extra": {
                "branch-alias": {
                    "dev-master": "1.0.x-dev"
                }
            },
            "autoload": {
                "psr-4": {
                    "Psr\\Http\\Message\\": "src/"
                }
            },
            "notification-url": "https://packagist.org/downloads/",
            "license": [
                "MIT"
            ],
            "authors": [
                {
                    "name": "PHP-FIG",
                    "homepage": "http://www.php-fig.org/"
                }
            ],
            "description": "Common interface for HTTP messages",
            "keywords": [
                "http",
                "http-message",
                "psr",
                "psr-7",
                "request",
                "response"
            ],
            "time": "2015-05-04 20:22:00"
        }
    ],
    "packages-dev": [
        {
            "name": "beberlei/assert",
            "version": "v2.4",
            "source": {
                "type": "git",
                "url": "https://github.com/beberlei/assert.git",
                "reference": "7281b1fd8118b31cb9162c2fb5a4cc6f01d62ed6"
            },
            "dist": {
                "type": "zip",
                "url": "https://api.github.com/repos/beberlei/assert/zipball/7281b1fd8118b31cb9162c2fb5a4cc6f01d62ed6",
                "reference": "7281b1fd8118b31cb9162c2fb5a4cc6f01d62ed6",
                "shasum": ""
            },
            "require": {
                "ext-mbstring": "*",
                "php": ">=5.3"
            },
            "require-dev": {
                "phpunit/phpunit": "@stable"
            },
            "type": "library",
            "extra": {
                "branch-alias": {
                    "dev-master": "2.3-dev"
                }
            },
            "autoload": {
                "psr-0": {
                    "Assert": "lib/"
                },
                "files": [
                    "lib/Assert/functions.php"
                ]
            },
            "notification-url": "https://packagist.org/downloads/",
            "license": [
                "BSD-2-Clause"
            ],
            "authors": [
                {
                    "name": "Benjamin Eberlei",
                    "email": "kontakt@beberlei.de"
                }
            ],
            "description": "Thin assertion library for input validation in business models.",
            "keywords": [
                "assert",
                "assertion",
                "validation"
            ],
            "time": "2015-08-21 16:50:17"
        },
        {
            "name": "crysalead/box",
            "version": "1.0.2",
            "source": {
                "type": "git",
                "url": "https://github.com/crysalead/box.git",
                "reference": "ce41d70230a06aa7e33c82bb318e0f703f323f46"
            },
            "dist": {
                "type": "zip",
                "url": "https://api.github.com/repos/crysalead/box/zipball/ce41d70230a06aa7e33c82bb318e0f703f323f46",
                "reference": "ce41d70230a06aa7e33c82bb318e0f703f323f46",
                "shasum": ""
            },
            "require": {
                "php": ">=5.4"
            },
            "require-dev": {
                "crysalead/kahlan": "dev-master"
            },
            "type": "library",
            "autoload": {
                "psr-4": {
                    "box\\": "src/"
                },
                "files": [
                    "src/init.php"
                ]
            },
            "notification-url": "https://packagist.org/downloads/",
            "license": [
                "MIT"
            ],
            "description": "Minimalist Dependency Injection Container.",
            "keywords": [
                "dependency injection",
                "dependency injection container",
                "inversion of control",
                "ioc"
            ],
            "time": "2015-11-23 18:03:45"
        },
        {
            "name": "crysalead/code",
            "version": "1.1.1",
            "source": {
                "type": "git",
                "url": "https://github.com/crysalead/code.git",
                "reference": "711c744d4202b2bc86687fac9e26f11e83bbfba8"
            },
            "dist": {
                "type": "zip",
                "url": "https://api.github.com/repos/crysalead/code/zipball/711c744d4202b2bc86687fac9e26f11e83bbfba8",
                "reference": "711c744d4202b2bc86687fac9e26f11e83bbfba8",
                "shasum": ""
            },
            "require": {
                "php": ">=5.5"
            },
            "require-dev": {
                "crysalead/kahlan": "dev-master"
            },
            "type": "library",
            "autoload": {
                "psr-4": {
                    "code\\": "src/"
                }
            },
            "notification-url": "https://packagist.org/downloads/",
            "license": [
                "MIT"
            ],
            "authors": [
                {
                    "name": "CrysaLEAD"
                }
            ],
            "description": "Runs callables with a timeout",
            "keywords": [
                "timeout"
            ],
            "time": "2015-11-24 17:12:22"
        },
        {
            "name": "crysalead/dir",
            "version": "1.0.1",
            "source": {
                "type": "git",
                "url": "https://github.com/crysalead/dir.git",
                "reference": "2f458faadc0089a62fc7e063fc80c55d055c06ed"
            },
            "dist": {
                "type": "zip",
                "url": "https://api.github.com/repos/crysalead/dir/zipball/2f458faadc0089a62fc7e063fc80c55d055c06ed",
                "reference": "2f458faadc0089a62fc7e063fc80c55d055c06ed",
                "shasum": ""
            },
            "require": {
                "php": ">=5.4"
            },
            "require-dev": {
                "crysalead/kahlan": "dev-master"
            },
            "type": "library",
            "autoload": {
                "psr-4": {
                    "dir\\": "src/"
                }
            },
            "notification-url": "https://packagist.org/downloads/",
            "license": [
                "MIT"
            ],
            "description": "Recursive directory scanner to locate directories and/or files in a file system",
            "keywords": [
                "Directory Scanner",
                "directory",
                "file",
                "file system"
            ],
            "time": "2015-11-24 17:00:39"
        },
        {
            "name": "crysalead/filter",
            "version": "1.1.2",
            "source": {
                "type": "git",
                "url": "https://github.com/crysalead/filter.git",
                "reference": "7a95a38cd3497107645ea60786ff7f30b96c00e1"
            },
            "dist": {
                "type": "zip",
                "url": "https://api.github.com/repos/crysalead/filter/zipball/7a95a38cd3497107645ea60786ff7f30b96c00e1",
                "reference": "7a95a38cd3497107645ea60786ff7f30b96c00e1",
                "shasum": ""
            },
            "require": {
                "crysalead/jit": "~1.0",
                "php": ">=5.4"
            },
            "require-dev": {
                "crysalead/kahlan": "dev-master"
            },
            "type": "library",
            "autoload": {
                "psr-4": {
                    "filter\\": "src/"
                }
            },
            "notification-url": "https://packagist.org/downloads/",
            "license": [
                "MIT"
            ],
            "authors": [
                {
                    "name": "CrysaLEAD"
                }
            ],
            "description": "Method filtering system",
            "keywords": [
                "aop",
                "aspect",
                "aspect programming",
                "method filtering"
            ],
            "time": "2015-11-24 17:03:23"
        },
        {
            "name": "crysalead/jit",
            "version": "1.0.13",
            "source": {
                "type": "git",
                "url": "https://github.com/crysalead/jit.git",
                "reference": "2ae622b01e0603982543d28ad3fd9ebf5b6b3ec7"
            },
            "dist": {
                "type": "zip",
                "url": "https://api.github.com/repos/crysalead/jit/zipball/2ae622b01e0603982543d28ad3fd9ebf5b6b3ec7",
                "reference": "2ae622b01e0603982543d28ad3fd9ebf5b6b3ec7",
                "shasum": ""
            },
            "require": {
                "php": ">=5.4"
            },
            "require-dev": {
                "crysalead/kahlan": "~1.1"
            },
            "type": "library",
            "autoload": {
                "psr-4": {
                    "jit\\": "src/"
                }
            },
            "notification-url": "https://packagist.org/downloads/",
            "license": [
                "MIT"
            ],
            "description": "Just In Time Code Patcher.",
            "keywords": [
                "Code Patcher",
                "jit"
            ],
            "time": "2015-11-24 17:29:39"
        },
        {
            "name": "crysalead/kahlan",
            "version": "1.2.11",
            "source": {
                "type": "git",
                "url": "https://github.com/crysalead/kahlan.git",
                "reference": "17054d0db5b96d71d2886ab6d2044611ca3bb61a"
            },
            "dist": {
                "type": "zip",
                "url": "https://api.github.com/repos/crysalead/kahlan/zipball/17054d0db5b96d71d2886ab6d2044611ca3bb61a",
                "reference": "17054d0db5b96d71d2886ab6d2044611ca3bb61a",
                "shasum": ""
            },
            "require": {
                "crysalead/box": "~1.0",
                "crysalead/code": "~1.1",
                "crysalead/dir": "~1.0",
                "crysalead/filter": "~1.1",
                "crysalead/jit": "~1.0",
                "php": ">=5.5"
            },
            "bin": [
                "bin/kahlan"
            ],
            "type": "library",
            "autoload": {
                "psr-4": {
                    "kahlan\\": "src/"
                },
                "files": [
                    "src/init.php"
                ]
            },
            "notification-url": "https://packagist.org/downloads/",
            "license": [
                "MIT"
            ],
            "authors": [
                {
                    "name": "CrysaLEAD"
                }
            ],
            "description": "Behavior-Driven Development (BDD) library.",
            "keywords": [
                "BDD",
                "Behavior-Driven Development",
                "Monkey Patching",
                "TDD",
                "mock",
                "stub",
                "testing",
                "unit test"
            ],
            "time": "2015-11-24 22:00:45"
        },
        {
            "name": "php-vcr/php-vcr",
            "version": "1.2.6",
            "source": {
                "type": "git",
                "url": "https://github.com/php-vcr/php-vcr.git",
                "reference": "61f6a97aa7f78ccec9a5c2bcc46d151c6c41d646"
            },
            "dist": {
                "type": "zip",
                "url": "https://api.github.com/repos/php-vcr/php-vcr/zipball/61f6a97aa7f78ccec9a5c2bcc46d151c6c41d646",
                "reference": "61f6a97aa7f78ccec9a5c2bcc46d151c6c41d646",
                "shasum": ""
            },
            "require": {
                "beberlei/assert": "2.*",
                "ext-curl": "*",
                "symfony/event-dispatcher": "~2.1",
                "symfony/yaml": "2.*"
            },
            "require-dev": {
                "lapistano/proxy-object": "dev-master",
                "mikey179/vfsstream": "1.2.*",
                "phpunit/phpunit": "3.*"
            },
            "type": "library",
            "autoload": {
                "classmap": [
                    "src/"
                ]
            },
            "notification-url": "https://packagist.org/downloads/",
            "license": [
                "MIT"
            ],
            "authors": [
                {
                    "name": "Adrian Philipp",
                    "email": "mail@adrian-philipp.com"
                }
            ],
            "description": "Record your test suite's HTTP interactions and replay them during future test runs for fast, deterministic, accurate tests.",
            "time": "2015-09-29 05:34:56"
        },
        {
            "name": "symfony/event-dispatcher",
            "version": "v2.8.1",
            "source": {
                "type": "git",
                "url": "https://github.com/symfony/event-dispatcher.git",
                "reference": "a5eb815363c0388e83247e7e9853e5dbc14999cc"
            },
            "dist": {
                "type": "zip",
                "url": "https://api.github.com/repos/symfony/event-dispatcher/zipball/a5eb815363c0388e83247e7e9853e5dbc14999cc",
                "reference": "a5eb815363c0388e83247e7e9853e5dbc14999cc",
                "shasum": ""
            },
            "require": {
                "php": ">=5.3.9"
            },
            "require-dev": {
                "psr/log": "~1.0",
                "symfony/config": "~2.0,>=2.0.5|~3.0.0",
                "symfony/dependency-injection": "~2.6|~3.0.0",
                "symfony/expression-language": "~2.6|~3.0.0",
                "symfony/stopwatch": "~2.3|~3.0.0"
            },
            "suggest": {
                "symfony/dependency-injection": "",
                "symfony/http-kernel": ""
            },
            "type": "library",
            "extra": {
                "branch-alias": {
                    "dev-master": "2.8-dev"
                }
            },
            "autoload": {
                "psr-4": {
                    "Symfony\\Component\\EventDispatcher\\": ""
                },
                "exclude-from-classmap": [
                    "/Tests/"
                ]
            },
            "notification-url": "https://packagist.org/downloads/",
            "license": [
                "MIT"
            ],
            "authors": [
                {
                    "name": "Fabien Potencier",
                    "email": "fabien@symfony.com"
                },
                {
                    "name": "Symfony Community",
                    "homepage": "https://symfony.com/contributors"
                }
            ],
            "description": "Symfony EventDispatcher Component",
            "homepage": "https://symfony.com",
            "time": "2015-10-30 20:15:42"
        },
        {
            "name": "symfony/yaml",
            "version": "v2.8.1",
            "source": {
                "type": "git",
                "url": "https://github.com/symfony/yaml.git",
                "reference": "ac84cbb98b68a6abbc9f5149eb96ccc7b07b8966"
            },
            "dist": {
                "type": "zip",
                "url": "https://api.github.com/repos/symfony/yaml/zipball/ac84cbb98b68a6abbc9f5149eb96ccc7b07b8966",
                "reference": "ac84cbb98b68a6abbc9f5149eb96ccc7b07b8966",
                "shasum": ""
            },
            "require": {
                "php": ">=5.3.9"
            },
            "type": "library",
            "extra": {
                "branch-alias": {
                    "dev-master": "2.8-dev"
                }
            },
            "autoload": {
                "psr-4": {
                    "Symfony\\Component\\Yaml\\": ""
                },
                "exclude-from-classmap": [
                    "/Tests/"
                ]
            },
            "notification-url": "https://packagist.org/downloads/",
            "license": [
                "MIT"
            ],
            "authors": [
                {
                    "name": "Fabien Potencier",
                    "email": "fabien@symfony.com"
                },
                {
                    "name": "Symfony Community",
                    "homepage": "https://symfony.com/contributors"
                }
            ],
            "description": "Symfony Yaml Component",
            "homepage": "https://symfony.com",
            "time": "2015-12-26 13:37:56"
        }
    ],
    "aliases": [],
    "minimum-stability": "dev",
    "stability-flags": [],
    "prefer-stable": true,
    "prefer-lowest": false,
    "platform": {
        "php": ">=5.5"
    },
    "platform-dev": []
}
